
Microsoft Visual Studio Solution File, Format Version 12.00
# Visual Studio Version 17
VisualStudioVersion = 17.7.34018.315
MinimumVisualStudioVersion = 15.0.26124.0
Project("{2150E333-8FDC-42A3-9474-1A3956D46DE8}") = "src", "src", "{59D7DC95-592B-4EF0-B617-ADDAF1E16423}"
EndProject
Project("{9A19103F-16F7-4668-BE54-9A1E7A4F7556}") = "Core", "src\Core\Core.csproj", "{704504F1-AAA9-452A-A0D0-D07A3F99FD0D}"
EndProject
Project("{2150E333-8FDC-42A3-9474-1A3956D46DE8}") = "test", "test", "{7BA51C4C-B5BC-41C3-9AD8-227BACB74F84}"
EndProject
Project("{9A19103F-16F7-4668-BE54-9A1E7A4F7556}") = "UnitTests", "test\UnitTests\UnitTests.csproj", "{E567DFC1-66A4-47B0-AE9C-B44151EEA92C}"
EndProject
Project("{2150E333-8FDC-42A3-9474-1A3956D46DE8}") = "sample", "sample", "{0128A1A6-7736-4D7C-862B-E42C836BE144}"
EndProject
Project("{FAE04EC0-301F-11D3-BF4B-00C04F79EFBC}") = "BasicSample", "sample\BasicSample\BasicSample.csproj", "{9C190650-8253-4314-B596-990CF94524CC}"
EndProject
Project("{2150E333-8FDC-42A3-9474-1A3956D46DE8}") = "Solution Items", "Solution Items", "{B735EFA1-2CCE-4E30-A2D0-7423EAA819EE}"
	ProjectSection(SolutionItems) = preProject
		.editorconfig = .editorconfig
		.gitignore = .gitignore
		Directory.Build.props = Directory.Build.props
		NuGet.config = NuGet.config
		PolicyEvaluation.sln.licenseheader = PolicyEvaluation.sln.licenseheader
		Project.props = Project.props
		README.md = README.md
	EndProjectSection
EndProject
Global
	GlobalSection(SolutionConfigurationPlatforms) = preSolution
		Debug|Any CPU = Debug|Any CPU
		Debug|x64 = Debug|x64
		Debug|x86 = Debug|x86
		Release|Any CPU = Release|Any CPU
		Release|x64 = Release|x64
		Release|x86 = Release|x86
	EndGlobalSection
	GlobalSection(ProjectConfigurationPlatforms) = postSolution
		{704504F1-AAA9-452A-A0D0-D07A3F99FD0D}.Debug|Any CPU.ActiveCfg = Debug|Any CPU
		{704504F1-AAA9-452A-A0D0-D07A3F99FD0D}.Debug|Any CPU.Build.0 = Debug|Any CPU
		{704504F1-AAA9-452A-A0D0-D07A3F99FD0D}.Debug|x64.ActiveCfg = Debug|Any CPU
		{704504F1-AAA9-452A-A0D0-D07A3F99FD0D}.Debug|x64.Build.0 = Debug|Any CPU
		{704504F1-AAA9-452A-A0D0-D07A3F99FD0D}.Debug|x86.ActiveCfg = Debug|Any CPU
		{704504F1-AAA9-452A-A0D0-D07A3F99FD0D}.Debug|x86.Build.0 = Debug|Any CPU
		{704504F1-AAA9-452A-A0D0-D07A3F99FD0D}.Release|Any CPU.ActiveCfg = Release|Any CPU
		{704504F1-AAA9-452A-A0D0-D07A3F99FD0D}.Release|Any CPU.Build.0 = Release|Any CPU
		{704504F1-AAA9-452A-A0D0-D07A3F99FD0D}.Release|x64.ActiveCfg = Release|Any CPU
		{704504F1-AAA9-452A-A0D0-D07A3F99FD0D}.Release|x64.Build.0 = Release|Any CPU
		{704504F1-AAA9-452A-A0D0-D07A3F99FD0D}.Release|x86.ActiveCfg = Release|Any CPU
		{704504F1-AAA9-452A-A0D0-D07A3F99FD0D}.Release|x86.Build.0 = Release|Any CPU
		{E567DFC1-66A4-47B0-AE9C-B44151EEA92C}.Debug|Any CPU.ActiveCfg = Debug|Any CPU
		{E567DFC1-66A4-47B0-AE9C-B44151EEA92C}.Debug|Any CPU.Build.0 = Debug|Any CPU
		{E567DFC1-66A4-47B0-AE9C-B44151EEA92C}.Debug|x64.ActiveCfg = Debug|Any CPU
		{E567DFC1-66A4-47B0-AE9C-B44151EEA92C}.Debug|x64.Build.0 = Debug|Any CPU
		{E567DFC1-66A4-47B0-AE9C-B44151EEA92C}.Debug|x86.ActiveCfg = Debug|Any CPU
		{E567DFC1-66A4-47B0-AE9C-B44151EEA92C}.Debug|x86.Build.0 = Debug|Any CPU
		{E567DFC1-66A4-47B0-AE9C-B44151EEA92C}.Release|Any CPU.ActiveCfg = Release|Any CPU
		{E567DFC1-66A4-47B0-AE9C-B44151EEA92C}.Release|Any CPU.Build.0 = Release|Any CPU
		{E567DFC1-66A4-47B0-AE9C-B44151EEA92C}.Release|x64.ActiveCfg = Release|Any CPU
		{E567DFC1-66A4-47B0-AE9C-B44151EEA92C}.Release|x64.Build.0 = Release|Any CPU
		{E567DFC1-66A4-47B0-AE9C-B44151EEA92C}.Release|x86.ActiveCfg = Release|Any CPU
		{E567DFC1-66A4-47B0-AE9C-B44151EEA92C}.Release|x86.Build.0 = Release|Any CPU
		{9C190650-8253-4314-B596-990CF94524CC}.Debug|Any CPU.ActiveCfg = Debug|Any CPU
		{9C190650-8253-4314-B596-990CF94524CC}.Debug|Any CPU.Build.0 = Debug|Any CPU
		{9C190650-8253-4314-B596-990CF94524CC}.Debug|x64.ActiveCfg = Debug|Any CPU
		{9C190650-8253-4314-B596-990CF94524CC}.Debug|x64.Build.0 = Debug|Any CPU
		{9C190650-8253-4314-B596-990CF94524CC}.Debug|x86.ActiveCfg = Debug|Any CPU
		{9C190650-8253-4314-B596-990CF94524CC}.Debug|x86.Build.0 = Debug|Any CPU
		{9C190650-8253-4314-B596-990CF94524CC}.Release|Any CPU.ActiveCfg = Release|Any CPU
		{9C190650-8253-4314-B596-990CF94524CC}.Release|Any CPU.Build.0 = Release|Any CPU
		{9C190650-8253-4314-B596-990CF94524CC}.Release|x64.ActiveCfg = Release|Any CPU
		{9C190650-8253-4314-B596-990CF94524CC}.Release|x64.Build.0 = Release|Any CPU
		{9C190650-8253-4314-B596-990CF94524CC}.Release|x86.ActiveCfg = Release|Any CPU
		{9C190650-8253-4314-B596-990CF94524CC}.Release|x86.Build.0 = Release|Any CPU
	EndGlobalSection
	GlobalSection(SolutionProperties) = preSolution
		HideSolutionNode = FALSE
	EndGlobalSection
	GlobalSection(NestedProjects) = preSolution
		{704504F1-AAA9-452A-A0D0-D07A3F99FD0D} = {59D7DC95-592B-4EF0-B617-ADDAF1E16423}
		{E567DFC1-66A4-47B0-AE9C-B44151EEA92C} = {7BA51C4C-B5BC-41C3-9AD8-227BACB74F84}
		{9C190650-8253-4314-B596-990CF94524CC} = {0128A1A6-7736-4D7C-862B-E42C836BE144}
	EndGlobalSection
	GlobalSection(ExtensibilityGlobals) = postSolution
		SolutionGuid = {CC3AB4E5-B286-44BA-94FF-D329C1FDCFB9}
	EndGlobalSection
EndGlobal
